
Microsoft Visual Studio Solution File, Format Version 12.00
# Visual Studio 15
VisualStudioVersion = 15.0.28307.779
MinimumVisualStudioVersion = 10.0.40219.1
Project("{9A19103F-16F7-4668-BE54-9A1E7A4F7556}") = "LSender", "LSender\LSender.csproj", "{F28F52B6-D75E-46C3-9504-198DFEB0F303}"
EndProject
Project("{9A19103F-16F7-4668-BE54-9A1E7A4F7556}") = "LSenderTest", "LSenderTest\LSenderTest.csproj", "{B8236566-2AD9-4E00-AD64-8C58C7BD763E}"
EndProject
Project("{2150E333-8FDC-42A3-9474-1A3956D46DE8}") = "root", "root", "{8AEDC5F4-3542-4CA9-B788-DC5A6F6159A1}"
	ProjectSection(SolutionItems) = preProject
		3rd-party.txt = 3rd-party.txt
		License.txt = License.txt
		Readme.md = Readme.md
	EndProjectSection
EndProject
Project("{2150E333-8FDC-42A3-9474-1A3956D46DE8}") = "tools", "tools", "{53817B2B-36A4-44FB-A166-2EF75DCCE156}"
	ProjectSection(SolutionItems) = preProject
		tools\gnt.bat = tools\gnt.bat
		tools\hMSBuild.bat = tools\hMSBuild.bat
	EndProjectSection
EndProject
Global
	GlobalSection(SolutionConfigurationPlatforms) = preSolution
		DBG_SDK10|Any CPU = DBG_SDK10|Any CPU
		DBG_SDK15|Any CPU = DBG_SDK15|Any CPU
		DCI_SDK10|Any CPU = DCI_SDK10|Any CPU
		DCI_SDK15|Any CPU = DCI_SDK15|Any CPU
		RCI_SDK10|Any CPU = RCI_SDK10|Any CPU
		RCI_SDK15|Any CPU = RCI_SDK15|Any CPU
		REL_SDK10|Any CPU = REL_SDK10|Any CPU
		REL_SDK15|Any CPU = REL_SDK15|Any CPU
	EndGlobalSection
	GlobalSection(ProjectConfigurationPlatforms) = postSolution
		{F28F52B6-D75E-46C3-9504-198DFEB0F303}.DBG_SDK10|Any CPU.ActiveCfg = DBG_SDK10|Any CPU
		{F28F52B6-D75E-46C3-9504-198DFEB0F303}.DBG_SDK10|Any CPU.Build.0 = DBG_SDK10|Any CPU
		{F28F52B6-D75E-46C3-9504-198DFEB0F303}.DBG_SDK15|Any CPU.ActiveCfg = DBG_SDK15|Any CPU
		{F28F52B6-D75E-46C3-9504-198DFEB0F303}.DBG_SDK15|Any CPU.Build.0 = DBG_SDK15|Any CPU
		{F28F52B6-D75E-46C3-9504-198DFEB0F303}.DCI_SDK10|Any CPU.ActiveCfg = DCI_SDK10|Any CPU
		{F28F52B6-D75E-46C3-9504-198DFEB0F303}.DCI_SDK10|Any CPU.Build.0 = DCI_SDK10|Any CPU
		{F28F52B6-D75E-46C3-9504-198DFEB0F303}.DCI_SDK15|Any CPU.ActiveCfg = DCI_SDK15|Any CPU
		{F28F52B6-D75E-46C3-9504-198DFEB0F303}.DCI_SDK15|Any CPU.Build.0 = DCI_SDK15|Any CPU
		{F28F52B6-D75E-46C3-9504-198DFEB0F303}.RCI_SDK10|Any CPU.ActiveCfg = RCI_SDK10|Any CPU
		{F28F52B6-D75E-46C3-9504-198DFEB0F303}.RCI_SDK10|Any CPU.Build.0 = RCI_SDK10|Any CPU
		{F28F52B6-D75E-46C3-9504-198DFEB0F303}.RCI_SDK15|Any CPU.ActiveCfg = RCI_SDK15|Any CPU
		{F28F52B6-D75E-46C3-9504-198DFEB0F303}.RCI_SDK15|Any CPU.Build.0 = RCI_SDK15|Any CPU
		{F28F52B6-D75E-46C3-9504-198DFEB0F303}.REL_SDK10|Any CPU.ActiveCfg = REL_SDK10|Any CPU
		{F28F52B6-D75E-46C3-9504-198DFEB0F303}.REL_SDK10|Any CPU.Build.0 = REL_SDK10|Any CPU
		{F28F52B6-D75E-46C3-9504-198DFEB0F303}.REL_SDK15|Any CPU.ActiveCfg = REL_SDK15|Any CPU
		{F28F52B6-D75E-46C3-9504-198DFEB0F303}.REL_SDK15|Any CPU.Build.0 = REL_SDK15|Any CPU
		{B8236566-2AD9-4E00-AD64-8C58C7BD763E}.DBG_SDK10|Any CPU.ActiveCfg = DBG_SDK10|Any CPU
		{B8236566-2AD9-4E00-AD64-8C58C7BD763E}.DBG_SDK10|Any CPU.Build.0 = DBG_SDK10|Any CPU
		{B8236566-2AD9-4E00-AD64-8C58C7BD763E}.DBG_SDK15|Any CPU.ActiveCfg = DBG_SDK15|Any CPU
		{B8236566-2AD9-4E00-AD64-8C58C7BD763E}.DBG_SDK15|Any CPU.Build.0 = DBG_SDK15|Any CPU
		{B8236566-2AD9-4E00-AD64-8C58C7BD763E}.DCI_SDK10|Any CPU.ActiveCfg = DCI_SDK10|Any CPU
		{B8236566-2AD9-4E00-AD64-8C58C7BD763E}.DCI_SDK10|Any CPU.Build.0 = DCI_SDK10|Any CPU
		{B8236566-2AD9-4E00-AD64-8C58C7BD763E}.DCI_SDK15|Any CPU.ActiveCfg = DCI_SDK15|Any CPU
		{B8236566-2AD9-4E00-AD64-8C58C7BD763E}.DCI_SDK15|Any CPU.Build.0 = DCI_SDK15|Any CPU
		{B8236566-2AD9-4E00-AD64-8C58C7BD763E}.RCI_SDK10|Any CPU.ActiveCfg = RCI_SDK10|Any CPU
		{B8236566-2AD9-4E00-AD64-8C58C7BD763E}.RCI_SDK10|Any CPU.Build.0 = RCI_SDK10|Any CPU
		{B8236566-2AD9-4E00-AD64-8C58C7BD763E}.RCI_SDK15|Any CPU.ActiveCfg = RCI_SDK15|Any CPU
		{B8236566-2AD9-4E00-AD64-8C58C7BD763E}.RCI_SDK15|Any CPU.Build.0 = RCI_SDK15|Any CPU
		{B8236566-2AD9-4E00-AD64-8C58C7BD763E}.REL_SDK10|Any CPU.ActiveCfg = REL_SDK10|Any CPU
		{B8236566-2AD9-4E00-AD64-8C58C7BD763E}.REL_SDK10|Any CPU.Build.0 = REL_SDK10|Any CPU
		{B8236566-2AD9-4E00-AD64-8C58C7BD763E}.REL_SDK15|Any CPU.ActiveCfg = REL_SDK15|Any CPU
		{B8236566-2AD9-4E00-AD64-8C58C7BD763E}.REL_SDK15|Any CPU.Build.0 = REL_SDK15|Any CPU
	EndGlobalSection
	GlobalSection(SolutionProperties) = preSolution
		HideSolutionNode = FALSE
	EndGlobalSection
	GlobalSection(ExtensibilityGlobals) = postSolution
		SolutionGuid = {7E552E6B-0F21-490A-B69D-B4982F6307DA}
	EndGlobalSection
EndGlobal
