
Microsoft Visual Studio Solution File, Format Version 12.00
# Visual Studio Version 17
VisualStudioVersion = 17.0.31912.275
MinimumVisualStudioVersion = 10.0.40219.1
Project("{9A19103F-16F7-4668-BE54-9A1E7A4F7556}") = "LSender", "src\LSender.csproj", "{F28F52B6-D75E-46C3-9504-198DFEB0F303}"
EndProject
Project("{9A19103F-16F7-4668-BE54-9A1E7A4F7556}") = "LSenderTest", "tests\LSenderTest\LSenderTest.csproj", "{B8236566-2AD9-4E00-AD64-8C58C7BD763E}"
EndProject
Project("{2150E333-8FDC-42A3-9474-1A3956D46DE8}") = "root", "root", "{8AEDC5F4-3542-4CA9-B788-DC5A6F6159A1}"
	ProjectSection(SolutionItems) = preProject
		3rd-party.txt = 3rd-party.txt
		License.txt = License.txt
		Readme.md = Readme.md
	EndProjectSection
EndProject
Project("{2150E333-8FDC-42A3-9474-1A3956D46DE8}") = "tools", "tools", "{53817B2B-36A4-44FB-A166-2EF75DCCE156}"
	ProjectSection(SolutionItems) = preProject
		tools\gnt.bat = tools\gnt.bat
		tools\hMSBuild.bat = tools\hMSBuild.bat
	EndProjectSection
EndProject
Project("{2150E333-8FDC-42A3-9474-1A3956D46DE8}") = "tests", "tests", "{8A5D8D8D-2C1E-48DF-B704-3BF2ABFAA82F}"
EndProject
Project("{9A19103F-16F7-4668-BE54-9A1E7A4F7556}") = "DepA", "tests\DepA\DepA.csproj", "{72A5E2F2-292B-4CD3-9475-951DF8EF060B}"
EndProject
Project("{9A19103F-16F7-4668-BE54-9A1E7A4F7556}") = "DepB", "tests\DepB\DepB.csproj", "{64F13CCF-0160-44FE-9253-9A0E77D355A2}"
EndProject
Project("{9A19103F-16F7-4668-BE54-9A1E7A4F7556}") = "DepC", "tests\DepC\DepC.csproj", "{DCB1F69B-2BE3-4D6A-B67E-EB3C975E0956}"
EndProject
Global
	GlobalSection(SolutionConfigurationPlatforms) = preSolution
		Debug|Any CPU = Debug|Any CPU
		PublicRelease|Any CPU = PublicRelease|Any CPU
		Release|Any CPU = Release|Any CPU
	EndGlobalSection
	GlobalSection(ProjectConfigurationPlatforms) = postSolution
		{F28F52B6-D75E-46C3-9504-198DFEB0F303}.Debug|Any CPU.ActiveCfg = Debug|Any CPU
		{F28F52B6-D75E-46C3-9504-198DFEB0F303}.Debug|Any CPU.Build.0 = Debug|Any CPU
		{F28F52B6-D75E-46C3-9504-198DFEB0F303}.PublicRelease|Any CPU.ActiveCfg = PublicRelease|Any CPU
		{F28F52B6-D75E-46C3-9504-198DFEB0F303}.PublicRelease|Any CPU.Build.0 = PublicRelease|Any CPU
		{F28F52B6-D75E-46C3-9504-198DFEB0F303}.Release|Any CPU.ActiveCfg = Release|Any CPU
		{F28F52B6-D75E-46C3-9504-198DFEB0F303}.Release|Any CPU.Build.0 = Release|Any CPU
		{B8236566-2AD9-4E00-AD64-8C58C7BD763E}.Debug|Any CPU.ActiveCfg = Debug|Any CPU
		{B8236566-2AD9-4E00-AD64-8C58C7BD763E}.Debug|Any CPU.Build.0 = Debug|Any CPU
		{B8236566-2AD9-4E00-AD64-8C58C7BD763E}.PublicRelease|Any CPU.ActiveCfg = PublicRelease|Any CPU
		{B8236566-2AD9-4E00-AD64-8C58C7BD763E}.PublicRelease|Any CPU.Build.0 = PublicRelease|Any CPU
		{B8236566-2AD9-4E00-AD64-8C58C7BD763E}.Release|Any CPU.ActiveCfg = Release|Any CPU
		{B8236566-2AD9-4E00-AD64-8C58C7BD763E}.Release|Any CPU.Build.0 = Release|Any CPU
		{72A5E2F2-292B-4CD3-9475-951DF8EF060B}.Debug|Any CPU.ActiveCfg = Debug|Any CPU
		{72A5E2F2-292B-4CD3-9475-951DF8EF060B}.Debug|Any CPU.Build.0 = Debug|Any CPU
		{72A5E2F2-292B-4CD3-9475-951DF8EF060B}.PublicRelease|Any CPU.ActiveCfg = PublicRelease|Any CPU
		{72A5E2F2-292B-4CD3-9475-951DF8EF060B}.PublicRelease|Any CPU.Build.0 = PublicRelease|Any CPU
		{72A5E2F2-292B-4CD3-9475-951DF8EF060B}.Release|Any CPU.ActiveCfg = Release|Any CPU
		{72A5E2F2-292B-4CD3-9475-951DF8EF060B}.Release|Any CPU.Build.0 = Release|Any CPU
		{64F13CCF-0160-44FE-9253-9A0E77D355A2}.Debug|Any CPU.ActiveCfg = Debug|Any CPU
		{64F13CCF-0160-44FE-9253-9A0E77D355A2}.Debug|Any CPU.Build.0 = Debug|Any CPU
		{64F13CCF-0160-44FE-9253-9A0E77D355A2}.PublicRelease|Any CPU.ActiveCfg = PublicRelease|Any CPU
		{64F13CCF-0160-44FE-9253-9A0E77D355A2}.PublicRelease|Any CPU.Build.0 = PublicRelease|Any CPU
		{64F13CCF-0160-44FE-9253-9A0E77D355A2}.Release|Any CPU.ActiveCfg = Release|Any CPU
		{64F13CCF-0160-44FE-9253-9A0E77D355A2}.Release|Any CPU.Build.0 = Release|Any CPU
		{DCB1F69B-2BE3-4D6A-B67E-EB3C975E0956}.Debug|Any CPU.ActiveCfg = Debug|Any CPU
		{DCB1F69B-2BE3-4D6A-B67E-EB3C975E0956}.Debug|Any CPU.Build.0 = Debug|Any CPU
		{DCB1F69B-2BE3-4D6A-B67E-EB3C975E0956}.PublicRelease|Any CPU.ActiveCfg = PublicRelease|Any CPU
		{DCB1F69B-2BE3-4D6A-B67E-EB3C975E0956}.PublicRelease|Any CPU.Build.0 = PublicRelease|Any CPU
		{DCB1F69B-2BE3-4D6A-B67E-EB3C975E0956}.Release|Any CPU.ActiveCfg = Release|Any CPU
		{DCB1F69B-2BE3-4D6A-B67E-EB3C975E0956}.Release|Any CPU.Build.0 = Release|Any CPU
	EndGlobalSection
	GlobalSection(SolutionProperties) = preSolution
		HideSolutionNode = FALSE
	EndGlobalSection
	GlobalSection(NestedProjects) = preSolution
		{B8236566-2AD9-4E00-AD64-8C58C7BD763E} = {8A5D8D8D-2C1E-48DF-B704-3BF2ABFAA82F}
		{72A5E2F2-292B-4CD3-9475-951DF8EF060B} = {8A5D8D8D-2C1E-48DF-B704-3BF2ABFAA82F}
		{64F13CCF-0160-44FE-9253-9A0E77D355A2} = {8A5D8D8D-2C1E-48DF-B704-3BF2ABFAA82F}
		{DCB1F69B-2BE3-4D6A-B67E-EB3C975E0956} = {8A5D8D8D-2C1E-48DF-B704-3BF2ABFAA82F}
	EndGlobalSection
	GlobalSection(ExtensibilityGlobals) = postSolution
		SolutionGuid = {7E552E6B-0F21-490A-B69D-B4982F6307DA}
	EndGlobalSection
EndGlobal
